
Microsoft Visual Studio Solution File, Format Version 12.00
# Visual Studio Version 17
VisualStudioVersion = 17.0.31903.59
MinimumVisualStudioVersion = 10.0.40219.1
Project("{2150E333-8FDC-42A3-9474-1A3956D46DE8}") = "src", "src", "{827E0CD3-B72D-47B6-A68D-7590B98EB39B}"
EndProject
Project("{FAE04EC0-301F-11D3-BF4B-00C04F79EFBC}") = "ForgeFlow.Domain", "src\ForgeFlow.Domain\ForgeFlow.Domain.csproj", "{CAEF4239-A1B6-45B1-9291-FF34DAD0D8E8}"
EndProject
Project("{FAE04EC0-301F-11D3-BF4B-00C04F79EFBC}") = "ForgeFlow.Application", "src\ForgeFlow.Application\ForgeFlow.Application.csproj", "{9AE32261-6DC1-4446-9F71-FA1177A66D08}"
EndProject
Project("{FAE04EC0-301F-11D3-BF4B-00C04F79EFBC}") = "ForgeFlow.Infrastructure", "src\ForgeFlow.Infrastructure\ForgeFlow.Infrastructure.csproj", "{722BBF77-1B5E-40BB-B7CB-F3861A6476A2}"
EndProject
Project("{FAE04EC0-301F-11D3-BF4B-00C04F79EFBC}") = "ForgeFlow.Api", "src\ForgeFlow.Api\ForgeFlow.Api.csproj", "{D5594367-6C80-4E87-9790-33840A840085}"
EndProject
Project("{2150E333-8FDC-42A3-9474-1A3956D46DE8}") = "tests", "tests", "{0AB3BF05-4346-4AA6-1389-037BE0695223}"
EndProject
Project("{FAE04EC0-301F-11D3-BF4B-00C04F79EFBC}") = "ForgeFlow.UnitTests", "tests\ForgeFlow.UnitTests\ForgeFlow.UnitTests.csproj", "{F8EDA699-2366-4A7C-BEF4-6A04E7C75836}"
EndProject
Project("{FAE04EC0-301F-11D3-BF4B-00C04F79EFBC}") = "ForgeFlow.ApiTests", "tests\ForgeFlow.ApiTests\ForgeFlow.ApiTests.csproj", "{A8230030-D246-4354-87A5-A8F9F32B2DBC}"
EndProject
Global
	GlobalSection(SolutionConfigurationPlatforms) = preSolution
		Debug|Any CPU = Debug|Any CPU
		Debug|x64 = Debug|x64
		Debug|x86 = Debug|x86
		Release|Any CPU = Release|Any CPU
		Release|x64 = Release|x64
		Release|x86 = Release|x86
	EndGlobalSection
	GlobalSection(ProjectConfigurationPlatforms) = postSolution
		{CAEF4239-A1B6-45B1-9291-FF34DAD0D8E8}.Debug|Any CPU.ActiveCfg = Debug|Any CPU
		{CAEF4239-A1B6-45B1-9291-FF34DAD0D8E8}.Debug|Any CPU.Build.0 = Debug|Any CPU
		{CAEF4239-A1B6-45B1-9291-FF34DAD0D8E8}.Debug|x64.ActiveCfg = Debug|Any CPU
		{CAEF4239-A1B6-45B1-9291-FF34DAD0D8E8}.Debug|x64.Build.0 = Debug|Any CPU
		{CAEF4239-A1B6-45B1-9291-FF34DAD0D8E8}.Debug|x86.ActiveCfg = Debug|Any CPU
		{CAEF4239-A1B6-45B1-9291-FF34DAD0D8E8}.Debug|x86.Build.0 = Debug|Any CPU
		{CAEF4239-A1B6-45B1-9291-FF34DAD0D8E8}.Release|Any CPU.ActiveCfg = Release|Any CPU
		{CAEF4239-A1B6-45B1-9291-FF34DAD0D8E8}.Release|Any CPU.Build.0 = Release|Any CPU
		{CAEF4239-A1B6-45B1-9291-FF34DAD0D8E8}.Release|x64.ActiveCfg = Release|Any CPU
		{CAEF4239-A1B6-45B1-9291-FF34DAD0D8E8}.Release|x64.Build.0 = Release|Any CPU
		{CAEF4239-A1B6-45B1-9291-FF34DAD0D8E8}.Release|x86.ActiveCfg = Release|Any CPU
		{CAEF4239-A1B6-45B1-9291-FF34DAD0D8E8}.Release|x86.Build.0 = Release|Any CPU
		{9AE32261-6DC1-4446-9F71-FA1177A66D08}.Debug|Any CPU.ActiveCfg = Debug|Any CPU
		{9AE32261-6DC1-4446-9F71-FA1177A66D08}.Debug|Any CPU.Build.0 = Debug|Any CPU
		{9AE32261-6DC1-4446-9F71-FA1177A66D08}.Debug|x64.ActiveCfg = Debug|Any CPU
		{9AE32261-6DC1-4446-9F71-FA1177A66D08}.Debug|x64.Build.0 = Debug|Any CPU
		{9AE32261-6DC1-4446-9F71-FA1177A66D08}.Debug|x86.ActiveCfg = Debug|Any CPU
		{9AE32261-6DC1-4446-9F71-FA1177A66D08}.Debug|x86.Build.0 = Debug|Any CPU
		{9AE32261-6DC1-4446-9F71-FA1177A66D08}.Release|Any CPU.ActiveCfg = Release|Any CPU
		{9AE32261-6DC1-4446-9F71-FA1177A66D08}.Release|Any CPU.Build.0 = Release|Any CPU
		{9AE32261-6DC1-4446-9F71-FA1177A66D08}.Release|x64.ActiveCfg = Release|Any CPU
		{9AE32261-6DC1-4446-9F71-FA1177A66D08}.Release|x64.Build.0 = Release|Any CPU
		{9AE32261-6DC1-4446-9F71-FA1177A66D08}.Release|x86.ActiveCfg = Release|Any CPU
		{9AE32261-6DC1-4446-9F71-FA1177A66D08}.Release|x86.Build.0 = Release|Any CPU
		{722BBF77-1B5E-40BB-B7CB-F3861A6476A2}.Debug|Any CPU.ActiveCfg = Debug|Any CPU
		{722BBF77-1B5E-40BB-B7CB-F3861A6476A2}.Debug|Any CPU.Build.0 = Debug|Any CPU
		{722BBF77-1B5E-40BB-B7CB-F3861A6476A2}.Debug|x64.ActiveCfg = Debug|Any CPU
		{722BBF77-1B5E-40BB-B7CB-F3861A6476A2}.Debug|x64.Build.0 = Debug|Any CPU
		{722BBF77-1B5E-40BB-B7CB-F3861A6476A2}.Debug|x86.ActiveCfg = Debug|Any CPU
		{722BBF77-1B5E-40BB-B7CB-F3861A6476A2}.Debug|x86.Build.0 = Debug|Any CPU
		{722BBF77-1B5E-40BB-B7CB-F3861A6476A2}.Release|Any CPU.ActiveCfg = Release|Any CPU
		{722BBF77-1B5E-40BB-B7CB-F3861A6476A2}.Release|Any CPU.Build.0 = Release|Any CPU
		{722BBF77-1B5E-40BB-B7CB-F3861A6476A2}.Release|x64.ActiveCfg = Release|Any CPU
		{722BBF77-1B5E-40BB-B7CB-F3861A6476A2}.Release|x64.Build.0 = Release|Any CPU
		{722BBF77-1B5E-40BB-B7CB-F3861A6476A2}.Release|x86.ActiveCfg = Release|Any CPU
		{722BBF77-1B5E-40BB-B7CB-F3861A6476A2}.Release|x86.Build.0 = Release|Any CPU
		{D5594367-6C80-4E87-9790-33840A840085}.Debug|Any CPU.ActiveCfg = Debug|Any CPU
		{D5594367-6C80-4E87-9790-33840A840085}.Debug|Any CPU.Build.0 = Debug|Any CPU
		{D5594367-6C80-4E87-9790-33840A840085}.Debug|x64.ActiveCfg = Debug|Any CPU
		{D5594367-6C80-4E87-9790-33840A840085}.Debug|x64.Build.0 = Debug|Any CPU
		{D5594367-6C80-4E87-9790-33840A840085}.Debug|x86.ActiveCfg = Debug|Any CPU
		{D5594367-6C80-4E87-9790-33840A840085}.Debug|x86.Build.0 = Debug|Any CPU
		{D5594367-6C80-4E87-9790-33840A840085}.Release|Any CPU.ActiveCfg = Release|Any CPU
		{D5594367-6C80-4E87-9790-33840A840085}.Release|Any CPU.Build.0 = Release|Any CPU
		{D5594367-6C80-4E87-9790-33840A840085}.Release|x64.ActiveCfg = Release|Any CPU
		{D5594367-6C80-4E87-9790-33840A840085}.Release|x64.Build.0 = Release|Any CPU
		{D5594367-6C80-4E87-9790-33840A840085}.Release|x86.ActiveCfg = Release|Any CPU
		{D5594367-6C80-4E87-9790-33840A840085}.Release|x86.Build.0 = Release|Any CPU
		{F8EDA699-2366-4A7C-BEF4-6A04E7C75836}.Debug|Any CPU.ActiveCfg = Debug|Any CPU
		{F8EDA699-2366-4A7C-BEF4-6A04E7C75836}.Debug|Any CPU.Build.0 = Debug|Any CPU
		{F8EDA699-2366-4A7C-BEF4-6A04E7C75836}.Debug|x64.ActiveCfg = Debug|Any CPU
		{F8EDA699-2366-4A7C-BEF4-6A04E7C75836}.Debug|x64.Build.0 = Debug|Any CPU
		{F8EDA699-2366-4A7C-BEF4-6A04E7C75836}.Debug|x86.ActiveCfg = Debug|Any CPU
		{F8EDA699-2366-4A7C-BEF4-6A04E7C75836}.Debug|x86.Build.0 = Debug|Any CPU
		{F8EDA699-2366-4A7C-BEF4-6A04E7C75836}.Release|Any CPU.ActiveCfg = Release|Any CPU
		{F8EDA699-2366-4A7C-BEF4-6A04E7C75836}.Release|Any CPU.Build.0 = Release|Any CPU
		{F8EDA699-2366-4A7C-BEF4-6A04E7C75836}.Release|x64.ActiveCfg = Release|Any CPU
		{F8EDA699-2366-4A7C-BEF4-6A04E7C75836}.Release|x64.Build.0 = Release|Any CPU
		{F8EDA699-2366-4A7C-BEF4-6A04E7C75836}.Release|x86.ActiveCfg = Release|Any CPU
		{F8EDA699-2366-4A7C-BEF4-6A04E7C75836}.Release|x86.Build.0 = Release|Any CPU
		{A8230030-D246-4354-87A5-A8F9F32B2DBC}.Debug|Any CPU.ActiveCfg = Debug|Any CPU
		{A8230030-D246-4354-87A5-A8F9F32B2DBC}.Debug|Any CPU.Build.0 = Debug|Any CPU
		{A8230030-D246-4354-87A5-A8F9F32B2DBC}.Debug|x64.ActiveCfg = Debug|Any CPU
		{A8230030-D246-4354-87A5-A8F9F32B2DBC}.Debug|x64.Build.0 = Debug|Any CPU
		{A8230030-D246-4354-87A5-A8F9F32B2DBC}.Debug|x86.ActiveCfg = Debug|Any CPU
		{A8230030-D246-4354-87A5-A8F9F32B2DBC}.Debug|x86.Build.0 = Debug|Any CPU
		{A8230030-D246-4354-87A5-A8F9F32B2DBC}.Release|Any CPU.ActiveCfg = Release|Any CPU
		{A8230030-D246-4354-87A5-A8F9F32B2DBC}.Release|Any CPU.Build.0 = Release|Any CPU
		{A8230030-D246-4354-87A5-A8F9F32B2DBC}.Release|x64.ActiveCfg = Release|Any CPU
		{A8230030-D246-4354-87A5-A8F9F32B2DBC}.Release|x64.Build.0 = Release|Any CPU
		{A8230030-D246-4354-87A5-A8F9F32B2DBC}.Release|x86.ActiveCfg = Release|Any CPU
		{A8230030-D246-4354-87A5-A8F9F32B2DBC}.Release|x86.Build.0 = Release|Any CPU
	EndGlobalSection
	GlobalSection(SolutionProperties) = preSolution
		HideSolutionNode = FALSE
	EndGlobalSection
	GlobalSection(NestedProjects) = preSolution
		{CAEF4239-A1B6-45B1-9291-FF34DAD0D8E8} = {827E0CD3-B72D-47B6-A68D-7590B98EB39B}
		{9AE32261-6DC1-4446-9F71-FA1177A66D08} = {827E0CD3-B72D-47B6-A68D-7590B98EB39B}
		{722BBF77-1B5E-40BB-B7CB-F3861A6476A2} = {827E0CD3-B72D-47B6-A68D-7590B98EB39B}
		{D5594367-6C80-4E87-9790-33840A840085} = {827E0CD3-B72D-47B6-A68D-7590B98EB39B}
		{F8EDA699-2366-4A7C-BEF4-6A04E7C75836} = {0AB3BF05-4346-4AA6-1389-037BE0695223}
		{A8230030-D246-4354-87A5-A8F9F32B2DBC} = {0AB3BF05-4346-4AA6-1389-037BE0695223}
	EndGlobalSection
EndGlobal
